
Microsoft Visual Studio Solution File, Format Version 12.00
# Visual Studio Version 16
VisualStudioVersion = 25.0.1706.12
MinimumVisualStudioVersion = 10.0.40219.1
Project("{FAE04EC0-301F-11D3-BF4B-00C04F79EFBC}") = "ThemeImagesSample", "ThemeImagesSample\ThemeImagesSample.csproj", "{385C80BD-F068-43B6-801C-968C023EF640}"
EndProject
Project("{2150E333-8FDC-42A3-9474-1A3956D46DE8}") = "Targets", "Targets", "{43CBDE0E-5654-4DFB-BB80-71BBC3F39541}"
	ProjectSection(SolutionItems) = preProject
		ThemedMauiImage.targets = ThemedMauiImage.targets
	EndProjectSection
EndProject
Global
	GlobalSection(SolutionConfigurationPlatforms) = preSolution
		Debug|Any CPU = Debug|Any CPU
		Release|Any CPU = Release|Any CPU
	EndGlobalSection
	GlobalSection(ProjectConfigurationPlatforms) = postSolution
		{385C80BD-F068-43B6-801C-968C023EF640}.Debug|Any CPU.ActiveCfg = Debug|Any CPU
		{385C80BD-F068-43B6-801C-968C023EF640}.Debug|Any CPU.Build.0 = Debug|Any CPU
		{385C80BD-F068-43B6-801C-968C023EF640}.Release|Any CPU.ActiveCfg = Release|Any CPU
		{385C80BD-F068-43B6-801C-968C023EF640}.Release|Any CPU.Build.0 = Release|Any CPU
	EndGlobalSection
	GlobalSection(SolutionProperties) = preSolution
		HideSolutionNode = FALSE
	EndGlobalSection
	GlobalSection(ExtensibilityGlobals) = postSolution
		SolutionGuid = {53CB44FB-B8C3-4FC0-8273-255447BC144E}
	EndGlobalSection
EndGlobal
